
Microsoft Visual Studio Solution File, Format Version 12.00
# Visual Studio Version 17
VisualStudioVersion = 17.4.33205.214
MinimumVisualStudioVersion = 10.0.40219.1
Project("{9A19103F-16F7-4668-BE54-9A1E7A4F7556}") = "DongFeng.Base", "DongFeng.Base\DongFeng.Base.csproj", "{8EE38E79-C288-4AF8-9F7B-F0B3701F9AE8}"
EndProject
Project("{D954291E-2A0B-460D-934E-DC6B0785DB48}") = "SharedLaunch", "SharedLaunch\SharedLaunch.shproj", "{D6D1816B-4309-4F40-9F25-5B53AEE11C0B}"
EndProject
Project("{9A19103F-16F7-4668-BE54-9A1E7A4F7556}") = "Jellyfish", "JellyFish\Jellyfish.csproj", "{CF2F4A3C-5D7C-4AE1-A928-5826E387E9BB}"
EndProject
Project("{FAE04EC0-301F-11D3-BF4B-00C04F79EFBC}") = "DongFeng.Launcher", "DongFeng.Launcher\DongFeng.Launcher.csproj", "{01AE2AC2-6D12-46E7-90E0-F08A064C6EC7}"
EndProject
Project("{FAE04EC0-301F-11D3-BF4B-00C04F79EFBC}") = "WindowsFormsApp", "Demos\WindowsFormsApp\WindowsFormsApp.csproj", "{5BB3A5FD-D6AB-4188-93EB-9603CCEE0F39}"
EndProject
Global
	GlobalSection(SolutionConfigurationPlatforms) = preSolution
		Debug|Any CPU = Debug|Any CPU
		Release|Any CPU = Release|Any CPU
	EndGlobalSection
	GlobalSection(ProjectConfigurationPlatforms) = postSolution
		{8EE38E79-C288-4AF8-9F7B-F0B3701F9AE8}.Debug|Any CPU.ActiveCfg = Debug|Any CPU
		{8EE38E79-C288-4AF8-9F7B-F0B3701F9AE8}.Debug|Any CPU.Build.0 = Debug|Any CPU
		{8EE38E79-C288-4AF8-9F7B-F0B3701F9AE8}.Release|Any CPU.ActiveCfg = Release|Any CPU
		{8EE38E79-C288-4AF8-9F7B-F0B3701F9AE8}.Release|Any CPU.Build.0 = Release|Any CPU
		{CF2F4A3C-5D7C-4AE1-A928-5826E387E9BB}.Debug|Any CPU.ActiveCfg = Debug|Any CPU
		{CF2F4A3C-5D7C-4AE1-A928-5826E387E9BB}.Debug|Any CPU.Build.0 = Debug|Any CPU
		{CF2F4A3C-5D7C-4AE1-A928-5826E387E9BB}.Release|Any CPU.ActiveCfg = Release|Any CPU
		{CF2F4A3C-5D7C-4AE1-A928-5826E387E9BB}.Release|Any CPU.Build.0 = Release|Any CPU
		{01AE2AC2-6D12-46E7-90E0-F08A064C6EC7}.Debug|Any CPU.ActiveCfg = Debug|Any CPU
		{01AE2AC2-6D12-46E7-90E0-F08A064C6EC7}.Debug|Any CPU.Build.0 = Debug|Any CPU
		{01AE2AC2-6D12-46E7-90E0-F08A064C6EC7}.Release|Any CPU.ActiveCfg = Release|Any CPU
		{01AE2AC2-6D12-46E7-90E0-F08A064C6EC7}.Release|Any CPU.Build.0 = Release|Any CPU
		{5BB3A5FD-D6AB-4188-93EB-9603CCEE0F39}.Debug|Any CPU.ActiveCfg = Debug|Any CPU
		{5BB3A5FD-D6AB-4188-93EB-9603CCEE0F39}.Debug|Any CPU.Build.0 = Debug|Any CPU
		{5BB3A5FD-D6AB-4188-93EB-9603CCEE0F39}.Release|Any CPU.ActiveCfg = Release|Any CPU
		{5BB3A5FD-D6AB-4188-93EB-9603CCEE0F39}.Release|Any CPU.Build.0 = Release|Any CPU
	EndGlobalSection
	GlobalSection(SolutionProperties) = preSolution
		HideSolutionNode = FALSE
	EndGlobalSection
	GlobalSection(ExtensibilityGlobals) = postSolution
		SolutionGuid = {3BAE9978-CC42-4D11-B770-B5C3158A248C}
	EndGlobalSection
	GlobalSection(SharedMSBuildProjectFiles) = preSolution
		SharedLaunch\SharedLaunch.projitems*{01ae2ac2-6d12-46e7-90e0-f08a064c6ec7}*SharedItemsImports = 4
		SharedLaunch\SharedLaunch.projitems*{d6d1816b-4309-4f40-9f25-5b53aee11c0b}*SharedItemsImports = 13
	EndGlobalSection
EndGlobal
